
Microsoft Visual Studio Solution File, Format Version 12.00
# Visual Studio Version 17
VisualStudioVersion = 17.11.35312.102
MinimumVisualStudioVersion = 10.0.40219.1
Project("{9A19103F-16F7-4668-BE54-9A1E7A4F7556}") = "1.2.3lab", "1.2.3lab\1.2.3lab.csproj", "{2BB297B9-2DB6-45BE-98F9-23810A24192B}"
EndProject
Project("{9A19103F-16F7-4668-BE54-9A1E7A4F7556}") = "TTriangleTest", "TTriangleTest\TTriangleTest.csproj", "{24A4E4B7-2523-4B0B-BA70-8D89647CAF47}"
EndProject
Project("{FAE04EC0-301F-11D3-BF4B-00C04F79EFBC}") = "TTrianglePrizmTest", "TTrianglePrizmTest\TTrianglePrizmTest.csproj", "{31BC528E-239D-4F01-85BF-010E8028A6DA}"
EndProject
Global
	GlobalSection(SolutionConfigurationPlatforms) = preSolution
		Debug|Any CPU = Debug|Any CPU
		Release|Any CPU = Release|Any CPU
	EndGlobalSection
	GlobalSection(ProjectConfigurationPlatforms) = postSolution
		{2BB297B9-2DB6-45BE-98F9-23810A24192B}.Debug|Any CPU.ActiveCfg = Debug|Any CPU
		{2BB297B9-2DB6-45BE-98F9-23810A24192B}.Debug|Any CPU.Build.0 = Debug|Any CPU
		{2BB297B9-2DB6-45BE-98F9-23810A24192B}.Release|Any CPU.ActiveCfg = Release|Any CPU
		{2BB297B9-2DB6-45BE-98F9-23810A24192B}.Release|Any CPU.Build.0 = Release|Any CPU
		{24A4E4B7-2523-4B0B-BA70-8D89647CAF47}.Debug|Any CPU.ActiveCfg = Debug|Any CPU
		{24A4E4B7-2523-4B0B-BA70-8D89647CAF47}.Debug|Any CPU.Build.0 = Debug|Any CPU
		{24A4E4B7-2523-4B0B-BA70-8D89647CAF47}.Release|Any CPU.ActiveCfg = Release|Any CPU
		{24A4E4B7-2523-4B0B-BA70-8D89647CAF47}.Release|Any CPU.Build.0 = Release|Any CPU
		{31BC528E-239D-4F01-85BF-010E8028A6DA}.Debug|Any CPU.ActiveCfg = Debug|Any CPU
		{31BC528E-239D-4F01-85BF-010E8028A6DA}.Debug|Any CPU.Build.0 = Debug|Any CPU
		{31BC528E-239D-4F01-85BF-010E8028A6DA}.Release|Any CPU.ActiveCfg = Release|Any CPU
		{31BC528E-239D-4F01-85BF-010E8028A6DA}.Release|Any CPU.Build.0 = Release|Any CPU
	EndGlobalSection
	GlobalSection(SolutionProperties) = preSolution
		HideSolutionNode = FALSE
	EndGlobalSection
	GlobalSection(ExtensibilityGlobals) = postSolution
		SolutionGuid = {56842FA7-C35B-480A-B61B-7039321BEBE7}
	EndGlobalSection
EndGlobal
